{
  "name": "yano-testkit-js-smoke-test",
  "version": "1.0.0",
  "lockfileVersion": 3,
  "requires": true,
  "packages": {
    "": {
      "name": "yano-testkit-js-smoke-test",
      "version": "1.0.0",
      "devDependencies": {
        "@bloxbean/yano-testkit": "preview"
      }
    },
    "node_modules/@bloxbean/yano-testkit": {
      "version": "0.1.0-pre7-ci1",
      "resolved": "https://registry.npmjs.org/@bloxbean/yano-testkit/-/yano-testkit-0.1.0-pre7-ci1.tgz",
      "integrity": "sha512-eq4YVRejXu7rB3KBhAhO8k9TZS6ynH29sVGsb8Ix+RCU6mO39YaH4mZee3+Nw/fVFVSO4BqQlNQHMOUAaudfWA==",
      "dev": true,
      "license": "MIT",
      "engines": {
        "node": ">=20.8.0"
      },
      "optionalDependencies": {
        "@bloxbean/yano-testkit-linux-arm64": "0.1.0-pre7-ci1",
        "@bloxbean/yano-testkit-linux-x64": "0.1.0-pre7-ci1",
        "@bloxbean/yano-testkit-macos-arm64": "0.1.0-pre7-ci1",
        "@bloxbean/yano-testkit-windows-x64": "0.1.0-pre7-ci1"
      },
      "peerDependencies": {
        "vitest": ">=1.0.0"
      },
      "peerDependenciesMeta": {
        "vitest": {
          "optional": true
        }
      }
    },
    "node_modules/@bloxbean/yano-testkit-linux-arm64": {
      "version": "0.1.0-pre7-ci1",
      "resolved": "https://registry.npmjs.org/@bloxbean/yano-testkit-linux-arm64/-/yano-testkit-linux-arm64-0.1.0-pre7-ci1.tgz",
      "integrity": "sha512-NLYFUg6jz6rxr/pvYOWkkXpfJXELfZlF6CcQ7W4RVB4t5+7LBz8Q2kvTUkcqUl1uEr/RFh+EspH86l34Z3LvlQ==",
      "cpu": [
        "arm64"
      ],
      "dev": true,
      "license": "MIT",
      "optional": true,
      "os": [
        "linux"
      ],
      "engines": {
        "node": ">=20.8.0"
      }
    },
    "node_modules/@bloxbean/yano-testkit-linux-x64": {
      "version": "0.1.0-pre7-ci1",
      "resolved": "https://registry.npmjs.org/@bloxbean/yano-testkit-linux-x64/-/yano-testkit-linux-x64-0.1.0-pre7-ci1.tgz",
      "integrity": "sha512-aclVQQb3KinaMzhyGyvlqwrjbR/vmAV5vnXor/sOKVz3ehktCK1gw9NqPltVrhxHlECu3jSOTQ5v/yabto7Xuw==",
      "cpu": [
        "x64"
      ],
      "dev": true,
      "license": "MIT",
      "optional": true,
      "os": [
        "linux"
      ],
      "engines": {
        "node": ">=20.8.0"
      }
    },
    "node_modules/@bloxbean/yano-testkit-macos-arm64": {
      "version": "0.1.0-pre7-ci1",
      "cpu": [
        "arm64"
      ],
      "dev": true,
      "license": "MIT",
      "optional": true,
      "os": [
        "darwin"
      ],
      "engines": {
        "node": ">=20.8.0"
      }
    },
    "node_modules/@bloxbean/yano-testkit-windows-x64": {
      "version": "0.1.0-pre7-ci1",
      "resolved": "https://registry.npmjs.org/@bloxbean/yano-testkit-windows-x64/-/yano-testkit-windows-x64-0.1.0-pre7-ci1.tgz",
      "integrity": "sha512-cLQbpKjX5wusmQA0W9wUsVjjv2HhPCVOD/hlP6gbEKL1A9OX5FqVPjc72RrnbPLGjxd1eVHGS/5LpOMCE83zGA==",
      "cpu": [
        "x64"
      ],
      "dev": true,
      "license": "MIT",
      "optional": true,
      "os": [
        "win32"
      ],
      "engines": {
        "node": ">=20.8.0"
      }
    }
  }
}
